// !$*UTF8*$!
{
	archiveVersion = 1;
	classes = {
	};
	objectVersion = 46;
	objects = {

/* Begin PBXBuildFile section */
		59260DD51ED894A9009CD149 /* AddEditItemTableViewControllerDelegate.swift in Sources */ = {isa = PBXBuildFile; fileRef = 59260DD41ED894A9009CD149 /* AddEditItemTableViewControllerDelegate.swift */; };
		593030FA1ED88B0400CCC0E9 /* AppDelegate.swift in Sources */ = {isa = PBXBuildFile; fileRef = 593030F91ED88B0400CCC0E9 /* AppDelegate.swift */; };
		593030FC1ED88B0400CCC0E9 /* ToBeastViewController.swift in Sources */ = {isa = PBXBuildFile; fileRef = 593030FB1ED88B0400CCC0E9 /* ToBeastViewController.swift */; };
		593030FF1ED88B0400CCC0E9 /* Main.storyboard in Resources */ = {isa = PBXBuildFile; fileRef = 593030FD1ED88B0400CCC0E9 /* Main.storyboard */; };
		593031021ED88B0400CCC0E9 /* iOS_Black_Belt_Exam.xcdatamodeld in Sources */ = {isa = PBXBuildFile; fileRef = 593031001ED88B0400CCC0E9 /* iOS_Black_Belt_Exam.xcdatamodeld */; };
		593031041ED88B0400CCC0E9 /* Assets.xcassets in Resources */ = {isa = PBXBuildFile; fileRef = 593031031ED88B0400CCC0E9 /* Assets.xcassets */; };
		593031071ED88B0400CCC0E9 /* LaunchScreen.storyboard in Resources */ = {isa = PBXBuildFile; fileRef = 593031051ED88B0400CCC0E9 /* LaunchScreen.storyboard */; };
		593031121ED88B0400CCC0E9 /* iOS_Black_Belt_ExamTests.swift in Sources */ = {isa = PBXBuildFile; fileRef = 593031111ED88B0400CCC0E9 /* iOS_Black_Belt_ExamTests.swift */; };
		5930311D1ED88B0400CCC0E9 /* iOS_Black_Belt_ExamUITests.swift in Sources */ = {isa = PBXBuildFile; fileRef = 5930311C1ED88B0400CCC0E9 /* iOS_Black_Belt_ExamUITests.swift */; };
		5930312B1ED892D600CCC0E9 /* BeastedViewController.swift in Sources */ = {isa = PBXBuildFile; fileRef = 5930312A1ED892D600CCC0E9 /* BeastedViewController.swift */; };
		5930312D1ED8932500CCC0E9 /* AddEditItemTableViewController.swift in Sources */ = {isa = PBXBuildFile; fileRef = 5930312C1ED8932500CCC0E9 /* AddEditItemTableViewController.swift */; };
		5930312F1ED8935300CCC0E9 /* BeastItemCell.swift in Sources */ = {isa = PBXBuildFile; fileRef = 5930312E1ED8935300CCC0E9 /* BeastItemCell.swift */; };
		595215B31ED89EB6005CE8FD /* BeastedItemCell.swift in Sources */ = {isa = PBXBuildFile; fileRef = 595215B21ED89EB6005CE8FD /* BeastedItemCell.swift */; };
		59FBB6721ED89AE500E477B5 /* BeastItemCellDelegate.swift in Sources */ = {isa = PBXBuildFile; fileRef = 59FBB6711ED89AE500E477B5 /* BeastItemCellDelegate.swift */; };
/* End PBXBuildFile section */

/* Begin PBXContainerItemProxy section */
		5930310E1ED88B0400CCC0E9 /* PBXContainerItemProxy */ = {
			isa = PBXContainerItemProxy;
			containerPortal = 593030EE1ED88B0400CCC0E9 /* Project object */;
			proxyType = 1;
			remoteGlobalIDString = 593030F51ED88B0400CCC0E9;
			remoteInfo = iOS_Black_Belt_Exam;
		};
		593031191ED88B0400CCC0E9 /* PBXContainerItemProxy */ = {
			isa = PBXContainerItemProxy;
			containerPortal = 593030EE1ED88B0400CCC0E9 /* Project object */;
			proxyType = 1;
			remoteGlobalIDString = 593030F51ED88B0400CCC0E9;
			remoteInfo = iOS_Black_Belt_Exam;
		};
/* End PBXContainerItemProxy section */

/* Begin PBXFileReference section */
		59260DD41ED894A9009CD149 /* AddEditItemTableViewControllerDelegate.swift */ = {isa = PBXFileReference; fileEncoding = 4; lastKnownFileType = sourcecode.swift; path = AddEditItemTableViewControllerDelegate.swift; sourceTree = "<group>"; };
		593030F61ED88B0400CCC0E9 /* iOS_Black_Belt_Exam.app */ = {isa = PBXFileReference; explicitFileType = wrapper.application; includeInIndex = 0; path = iOS_Black_Belt_Exam.app; sourceTree = BUILT_PRODUCTS_DIR; };
		593030F91ED88B0400CCC0E9 /* AppDelegate.swift */ = {isa = PBXFileReference; lastKnownFileType = sourcecode.swift; path = AppDelegate.swift; sourceTree = "<group>"; };
		593030FB1ED88B0400CCC0E9 /* ToBeastViewController.swift */ = {isa = PBXFileReference; lastKnownFileType = sourcecode.swift; path = ToBeastViewController.swift; sourceTree = "<group>"; };
		593030FE1ED88B0400CCC0E9 /* Base */ = {isa = PBXFileReference; lastKnownFileType = file.storyboard; name = Base; path = Base.lproj/Main.storyboard; sourceTree = "<group>"; };
		593031011ED88B0400CCC0E9 /* iOS_Black_Belt_Exam.xcdatamodel */ = {isa = PBXFileReference; lastKnownFileType = wrapper.xcdatamodel; path = iOS_Black_Belt_Exam.xcdatamodel; sourceTree = "<group>"; };
		593031031ED88B0400CCC0E9 /* Assets.xcassets */ = {isa = PBXFileReference; lastKnownFileType = folder.assetcatalog; path = Assets.xcassets; sourceTree = "<group>"; };
		593031061ED88B0400CCC0E9 /* Base */ = {isa = PBXFileReference; lastKnownFileType = file.storyboard; name = Base; path = Base.lproj/LaunchScreen.storyboard; sourceTree = "<group>"; };
		593031081ED88B0400CCC0E9 /* Info.plist */ = {isa = PBXFileReference; lastKnownFileType = text.plist.xml; path = Info.plist; sourceTree = "<group>"; };
		5930310D1ED88B0400CCC0E9 /* iOS_Black_Belt_ExamTests.xctest */ = {isa = PBXFileReference; explicitFileType = wrapper.cfbundle; includeInIndex = 0; path = iOS_Black_Belt_ExamTests.xctest; sourceTree = BUILT_PRODUCTS_DIR; };
		593031111ED88B0400CCC0E9 /* iOS_Black_Belt_ExamTests.swift */ = {isa = PBXFileReference; lastKnownFileType = sourcecode.swift; path = iOS_Black_Belt_ExamTests.swift; sourceTree = "<group>"; };
		593031131ED88B0400CCC0E9 /* Info.plist */ = {isa = PBXFileReference; lastKnownFileType = text.plist.xml; path = Info.plist; sourceTree = "<group>"; };
		593031181ED88B0400CCC0E9 /* iOS_Black_Belt_ExamUITests.xctest */ = {isa = PBXFileReference; explicitFileType = wrapper.cfbundle; includeInIndex = 0; path = iOS_Black_Belt_ExamUITests.xctest; sourceTree = BUILT_PRODUCTS_DIR; };
		5930311C1ED88B0400CCC0E9 /* iOS_Black_Belt_ExamUITests.swift */ = {isa = PBXFileReference; lastKnownFileType = sourcecode.swift; path = iOS_Black_Belt_ExamUITests.swift; sourceTree = "<group>"; };
		5930311E1ED88B0400CCC0E9 /* Info.plist */ = {isa = PBXFileReference; lastKnownFileType = text.plist.xml; path = Info.plist; sourceTree = "<group>"; };
		5930312A1ED892D600CCC0E9 /* BeastedViewController.swift */ = {isa = PBXFileReference; fileEncoding = 4; lastKnownFileType = sourcecode.swift; path = BeastedViewController.swift; sourceTree = "<group>"; };
		5930312C1ED8932500CCC0E9 /* AddEditItemTableViewController.swift */ = {isa = PBXFileReference; fileEncoding = 4; lastKnownFileType = sourcecode.swift; path = AddEditItemTableViewController.swift; sourceTree = "<group>"; };
		5930312E1ED8935300CCC0E9 /* BeastItemCell.swift */ = {isa = PBXFileReference; fileEncoding = 4; lastKnownFileType = sourcecode.swift; path = BeastItemCell.swift; sourceTree = "<group>"; };
		595215B21ED89EB6005CE8FD /* BeastedItemCell.swift */ = {isa = PBXFileReference; fileEncoding = 4; lastKnownFileType = sourcecode.swift; path = BeastedItemCell.swift; sourceTree = "<group>"; };
		59FBB6711ED89AE500E477B5 /* BeastItemCellDelegate.swift */ = {isa = PBXFileReference; fileEncoding = 4; lastKnownFileType = sourcecode.swift; path = BeastItemCellDelegate.swift; sourceTree = "<group>"; };
/* End PBXFileReference section */

/* Begin PBXFrameworksBuildPhase section */
		593030F31ED88B0400CCC0E9 /* Frameworks */ = {
			isa = PBXFrameworksBuildPhase;
			buildActionMask = 2147483647;
			files = (
			);
			runOnlyForDeploymentPostprocessing = 0;
		};
		5930310A1ED88B0400CCC0E9 /* Frameworks */ = {
			isa = PBXFrameworksBuildPhase;
			buildActionMask = 2147483647;
			files = (
			);
			runOnlyForDeploymentPostprocessing = 0;
		};
		593031151ED88B0400CCC0E9 /* Frameworks */ = {
			isa = PBXFrameworksBuildPhase;
			buildActionMask = 2147483647;
			files = (
			);
			runOnlyForDeploymentPostprocessing = 0;
		};
/* End PBXFrameworksBuildPhase section */

/* Begin PBXGroup section */
		593030ED1ED88B0400CCC0E9 = {
			isa = PBXGroup;
			children = (
				593030F81ED88B0400CCC0E9 /* iOS_Black_Belt_Exam */,
				593031101ED88B0400CCC0E9 /* iOS_Black_Belt_ExamTests */,
				5930311B1ED88B0400CCC0E9 /* iOS_Black_Belt_ExamUITests */,
				593030F71ED88B0400CCC0E9 /* Products */,
			);
			sourceTree = "<group>";
		};
		593030F71ED88B0400CCC0E9 /* Products */ = {
			isa = PBXGroup;
			children = (
				593030F61ED88B0400CCC0E9 /* iOS_Black_Belt_Exam.app */,
				5930310D1ED88B0400CCC0E9 /* iOS_Black_Belt_ExamTests.xctest */,
				593031181ED88B0400CCC0E9 /* iOS_Black_Belt_ExamUITests.xctest */,
			);
			name = Products;
			sourceTree = "<group>";
		};
		593030F81ED88B0400CCC0E9 /* iOS_Black_Belt_Exam */ = {
			isa = PBXGroup;
			children = (
				593030F91ED88B0400CCC0E9 /* AppDelegate.swift */,
				593030FB1ED88B0400CCC0E9 /* ToBeastViewController.swift */,
				593030FD1ED88B0400CCC0E9 /* Main.storyboard */,
				595215B21ED89EB6005CE8FD /* BeastedItemCell.swift */,
				59260DD41ED894A9009CD149 /* AddEditItemTableViewControllerDelegate.swift */,
				5930312E1ED8935300CCC0E9 /* BeastItemCell.swift */,
				59FBB6711ED89AE500E477B5 /* BeastItemCellDelegate.swift */,
				5930312C1ED8932500CCC0E9 /* AddEditItemTableViewController.swift */,
				5930312A1ED892D600CCC0E9 /* BeastedViewController.swift */,
				593031031ED88B0400CCC0E9 /* Assets.xcassets */,
				593031051ED88B0400CCC0E9 /* LaunchScreen.storyboard */,
				593031081ED88B0400CCC0E9 /* Info.plist */,
				593031001ED88B0400CCC0E9 /* iOS_Black_Belt_Exam.xcdatamodeld */,
			);
			path = iOS_Black_Belt_Exam;
			sourceTree = "<group>";
		};
		593031101ED88B0400CCC0E9 /* iOS_Black_Belt_ExamTests */ = {
			isa = PBXGroup;
			children = (
				593031111ED88B0400CCC0E9 /* iOS_Black_Belt_ExamTests.swift */,
				593031131ED88B0400CCC0E9 /* Info.plist */,
			);
			path = iOS_Black_Belt_ExamTests;
			sourceTree = "<group>";
		};
		5930311B1ED88B0400CCC0E9 /* iOS_Black_Belt_ExamUITests */ = {
			isa = PBXGroup;
			children = (
				5930311C1ED88B0400CCC0E9 /* iOS_Black_Belt_ExamUITests.swift */,
				5930311E1ED88B0400CCC0E9 /* Info.plist */,
			);
			path = iOS_Black_Belt_ExamUITests;
			sourceTree = "<group>";
		};
/* End PBXGroup section */

/* Begin PBXNativeTarget section */
		593030F51ED88B0400CCC0E9 /* iOS_Black_Belt_Exam */ = {
			isa = PBXNativeTarget;
			buildConfigurationList = 593031211ED88B0400CCC0E9 /* Build configuration list for PBXNativeTarget "iOS_Black_Belt_Exam" */;
			buildPhases = (
				593030F21ED88B0400CCC0E9 /* Sources */,
				593030F31ED88B0400CCC0E9 /* Frameworks */,
				593030F41ED88B0400CCC0E9 /* Resources */,
			);
			buildRules = (
			);
			dependencies = (
			);
			name = iOS_Black_Belt_Exam;
			productName = iOS_Black_Belt_Exam;
			productReference = 593030F61ED88B0400CCC0E9 /* iOS_Black_Belt_Exam.app */;
			productType = "com.apple.product-type.application";
		};
		5930310C1ED88B0400CCC0E9 /* iOS_Black_Belt_ExamTests */ = {
			isa = PBXNativeTarget;
			buildConfigurationList = 593031241ED88B0400CCC0E9 /* Build configuration list for PBXNativeTarget "iOS_Black_Belt_ExamTests" */;
			buildPhases = (
				593031091ED88B0400CCC0E9 /* Sources */,
				5930310A1ED88B0400CCC0E9 /* Frameworks */,
				5930310B1ED88B0400CCC0E9 /* Resources */,
			);
			buildRules = (
			);
			dependencies = (
				5930310F1ED88B0400CCC0E9 /* PBXTargetDependency */,
			);
			name = iOS_Black_Belt_ExamTests;
			productName = iOS_Black_Belt_ExamTests;
			productReference = 5930310D1ED88B0400CCC0E9 /* iOS_Black_Belt_ExamTests.xctest */;
			productType = "com.apple.product-type.bundle.unit-test";
		};
		593031171ED88B0400CCC0E9 /* iOS_Black_Belt_ExamUITests */ = {
			isa = PBXNativeTarget;
			buildConfigurationList = 593031271ED88B0400CCC0E9 /* Build configuration list for PBXNativeTarget "iOS_Black_Belt_ExamUITests" */;
			buildPhases = (
				593031141ED88B0400CCC0E9 /* Sources */,
				593031151ED88B0400CCC0E9 /* Frameworks */,
				593031161ED88B0400CCC0E9 /* Resources */,
			);
			buildRules = (
			);
			dependencies = (
				5930311A1ED88B0400CCC0E9 /* PBXTargetDependency */,
			);
			name = iOS_Black_Belt_ExamUITests;
			productName = iOS_Black_Belt_ExamUITests;
			productReference = 593031181ED88B0400CCC0E9 /* iOS_Black_Belt_ExamUITests.xctest */;
			productType = "com.apple.product-type.bundle.ui-testing";
		};
/* End PBXNativeTarget section */

/* Begin PBXProject section */
		593030EE1ED88B0400CCC0E9 /* Project object */ = {
			isa = PBXProject;
			attributes = {
				LastSwiftUpdateCheck = 0830;
				LastUpgradeCheck = 0830;
				ORGANIZATIONNAME = "Colin Jao";
				TargetAttributes = {
					593030F51ED88B0400CCC0E9 = {
						CreatedOnToolsVersion = 8.3.2;
						ProvisioningStyle = Automatic;
					};
					5930310C1ED88B0400CCC0E9 = {
						CreatedOnToolsVersion = 8.3.2;
						ProvisioningStyle = Automatic;
						TestTargetID = 593030F51ED88B0400CCC0E9;
					};
					593031171ED88B0400CCC0E9 = {
						CreatedOnToolsVersion = 8.3.2;
						ProvisioningStyle = Automatic;
						TestTargetID = 593030F51ED88B0400CCC0E9;
					};
				};
			};
			buildConfigurationList = 593030F11ED88B0400CCC0E9 /* Build configuration list for PBXProject "iOS_Black_Belt_Exam" */;
			compatibilityVersion = "Xcode 3.2";
			developmentRegion = English;
			hasScannedForEncodings = 0;
			knownRegions = (
				en,
				Base,
			);
			mainGroup = 593030ED1ED88B0400CCC0E9;
			productRefGroup = 593030F71ED88B0400CCC0E9 /* Products */;
			projectDirPath = "";
			projectRoot = "";
			targets = (
				593030F51ED88B0400CCC0E9 /* iOS_Black_Belt_Exam */,
				5930310C1ED88B0400CCC0E9 /* iOS_Black_Belt_ExamTests */,
				593031171ED88B0400CCC0E9 /* iOS_Black_Belt_ExamUITests */,
			);
		};
/* End PBXProject section */

/* Begin PBXResourcesBuildPhase section */
		593030F41ED88B0400CCC0E9 /* Resources */ = {
			isa = PBXResourcesBuildPhase;
			buildActionMask = 2147483647;
			files = (
				593031071ED88B0400CCC0E9 /* LaunchScreen.storyboard in Resources */,
				593031041ED88B0400CCC0E9 /* Assets.xcassets in Resources */,
				593030FF1ED88B0400CCC0E9 /* Main.storyboard in Resources */,
			);
			runOnlyForDeploymentPostprocessing = 0;
		};
		5930310B1ED88B0400CCC0E9 /* Resources */ = {
			isa = PBXResourcesBuildPhase;
			buildActionMask = 2147483647;
			files = (
			);
			runOnlyForDeploymentPostprocessing = 0;
		};
		593031161ED88B0400CCC0E9 /* Resources */ = {
			isa = PBXResourcesBuildPhase;
			buildActionMask = 2147483647;
			files = (
			);
			runOnlyForDeploymentPostprocessing = 0;
		};
/* End PBXResourcesBuildPhase section */

/* Begin PBXSourcesBuildPhase section */
		593030F21ED88B0400CCC0E9 /* Sources */ = {
			isa = PBXSourcesBuildPhase;
			buildActionMask = 2147483647;
			files = (
				5930312D1ED8932500CCC0E9 /* AddEditItemTableViewController.swift in Sources */,
				593030FC1ED88B0400CCC0E9 /* ToBeastViewController.swift in Sources */,
				59260DD51ED894A9009CD149 /* AddEditItemTableViewControllerDelegate.swift in Sources */,
				595215B31ED89EB6005CE8FD /* BeastedItemCell.swift in Sources */,
				5930312B1ED892D600CCC0E9 /* BeastedViewController.swift in Sources */,
				593030FA1ED88B0400CCC0E9 /* AppDelegate.swift in Sources */,
				5930312F1ED8935300CCC0E9 /* BeastItemCell.swift in Sources */,
				593031021ED88B0400CCC0E9 /* iOS_Black_Belt_Exam.xcdatamodeld in Sources */,
				59FBB6721ED89AE500E477B5 /* BeastItemCellDelegate.swift in Sources */,
			);
			runOnlyForDeploymentPostprocessing = 0;
		};
		593031091ED88B0400CCC0E9 /* Sources */ = {
			isa = PBXSourcesBuildPhase;
			buildActionMask = 2147483647;
			files = (
				593031121ED88B0400CCC0E9 /* iOS_Black_Belt_ExamTests.swift in Sources */,
			);
			runOnlyForDeploymentPostprocessing = 0;
		};
		593031141ED88B0400CCC0E9 /* Sources */ = {
			isa = PBXSourcesBuildPhase;
			buildActionMask = 2147483647;
			files = (
				5930311D1ED88B0400CCC0E9 /* iOS_Black_Belt_ExamUITests.swift in Sources */,
			);
			runOnlyForDeploymentPostprocessing = 0;
		};
/* End PBXSourcesBuildPhase section */

/* Begin PBXTargetDependency section */
		5930310F1ED88B0400CCC0E9 /* PBXTargetDependency */ = {
			isa = PBXTargetDependency;
			target = 593030F51ED88B0400CCC0E9 /* iOS_Black_Belt_Exam */;
			targetProxy = 5930310E1ED88B0400CCC0E9 /* PBXContainerItemProxy */;
		};
		5930311A1ED88B0400CCC0E9 /* PBXTargetDependency */ = {
			isa = PBXTargetDependency;
			target = 593030F51ED88B0400CCC0E9 /* iOS_Black_Belt_Exam */;
			targetProxy = 593031191ED88B0400CCC0E9 /* PBXContainerItemProxy */;
		};
/* End PBXTargetDependency section */

/* Begin PBXVariantGroup section */
		593030FD1ED88B0400CCC0E9 /* Main.storyboard */ = {
			isa = PBXVariantGroup;
			children = (
				593030FE1ED88B0400CCC0E9 /* Base */,
			);
			name = Main.storyboard;
			sourceTree = "<group>";
		};
		593031051ED88B0400CCC0E9 /* LaunchScreen.storyboard */ = {
			isa = PBXVariantGroup;
			children = (
				593031061ED88B0400CCC0E9 /* Base */,
			);
			name = LaunchScreen.storyboard;
			sourceTree = "<group>";
		};
/* End PBXVariantGroup section */

/* Begin XCBuildConfiguration section */
		5930311F1ED88B0400CCC0E9 /* Debug */ = {
			isa = XCBuildConfiguration;
			buildSettings = {
				ALWAYS_SEARCH_USER_PATHS = NO;
				CLANG_ANALYZER_NONNULL = YES;
				CLANG_ANALYZER_NUMBER_OBJECT_CONVERSION = YES_AGGRESSIVE;
				CLANG_CXX_LANGUAGE_STANDARD = "gnu++0x";
				CLANG_CXX_LIBRARY = "libc++";
				CLANG_ENABLE_MODULES = YES;
				CLANG_ENABLE_OBJC_ARC = YES;
				CLANG_WARN_BOOL_CONVERSION = YES;
				CLANG_WARN_CONSTANT_CONVERSION = YES;
				CLANG_WARN_DIRECT_OBJC_ISA_USAGE = YES_ERROR;
				CLANG_WARN_DOCUMENTATION_COMMENTS = YES;
				CLANG_WARN_EMPTY_BODY = YES;
				CLANG_WARN_ENUM_CONVERSION = YES;
				CLANG_WARN_INFINITE_RECURSION = YES;
				CLANG_WARN_INT_CONVERSION = YES;
				CLANG_WARN_OBJC_ROOT_CLASS = YES_ERROR;
				CLANG_WARN_SUSPICIOUS_MOVE = YES;
				CLANG_WARN_UNREACHABLE_CODE = YES;
				CLANG_WARN__DUPLICATE_METHOD_MATCH = YES;
				"CODE_SIGN_IDENTITY[sdk=iphoneos*]" = "iPhone Developer";
				COPY_PHASE_STRIP = NO;
				DEBUG_INFORMATION_FORMAT = dwarf;
				ENABLE_STRICT_OBJC_MSGSEND = YES;
				ENABLE_TESTABILITY = YES;
				GCC_C_LANGUAGE_STANDARD = gnu99;
				GCC_DYNAMIC_NO_PIC = NO;
				GCC_NO_COMMON_BLOCKS = YES;
				GCC_OPTIMIZATION_LEVEL = 0;
				GCC_PREPROCESSOR_DEFINITIONS = (
					"DEBUG=1",
					"$(inherited)",
				);
				GCC_WARN_64_TO_32_BIT_CONVERSION = YES;
				GCC_WARN_ABOUT_RETURN_TYPE = YES_ERROR;
				GCC_WARN_UNDECLARED_SELECTOR = YES;
				GCC_WARN_UNINITIALIZED_AUTOS = YES_AGGRESSIVE;
				GCC_WARN_UNUSED_FUNCTION = YES;
				GCC_WARN_UNUSED_VARIABLE = YES;
				IPHONEOS_DEPLOYMENT_TARGET = 10.3;
				MTL_ENABLE_DEBUG_INFO = YES;
				ONLY_ACTIVE_ARCH = YES;
				SDKROOT = iphoneos;
				SWIFT_ACTIVE_COMPILATION_CONDITIONS = DEBUG;
				SWIFT_OPTIMIZATION_LEVEL = "-Onone";
				TARGETED_DEVICE_FAMILY = "1,2";
			};
			name = Debug;
		};
		593031201ED88B0400CCC0E9 /* Release */ = {
			isa = XCBuildConfiguration;
			buildSettings = {
				ALWAYS_SEARCH_USER_PATHS = NO;
				CLANG_ANALYZER_NONNULL = YES;
				CLANG_ANALYZER_NUMBER_OBJECT_CONVERSION = YES_AGGRESSIVE;
				CLANG_CXX_LANGUAGE_STANDARD = "gnu++0x";
				CLANG_CXX_LIBRARY = "libc++";
				CLANG_ENABLE_MODULES = YES;
				CLANG_ENABLE_OBJC_ARC = YES;
				CLANG_WARN_BOOL_CONVERSION = YES;
				CLANG_WARN_CONSTANT_CONVERSION = YES;
				CLANG_WARN_DIRECT_OBJC_ISA_USAGE = YES_ERROR;
				CLANG_WARN_DOCUMENTATION_COMMENTS = YES;
				CLANG_WARN_EMPTY_BODY = YES;
				CLANG_WARN_ENUM_CONVERSION = YES;
				CLANG_WARN_INFINITE_RECURSION = YES;
				CLANG_WARN_INT_CONVERSION = YES;
				CLANG_WARN_OBJC_ROOT_CLASS = YES_ERROR;
				CLANG_WARN_SUSPICIOUS_MOVE = YES;
				CLANG_WARN_UNREACHABLE_CODE = YES;
				CLANG_WARN__DUPLICATE_METHOD_MATCH = YES;
				"CODE_SIGN_IDENTITY[sdk=iphoneos*]" = "iPhone Developer";
				COPY_PHASE_STRIP = NO;
				DEBUG_INFORMATION_FORMAT = "dwarf-with-dsym";
				ENABLE_NS_ASSERTIONS = NO;
				ENABLE_STRICT_OBJC_MSGSEND = YES;
				GCC_C_LANGUAGE_STANDARD = gnu99;
				GCC_NO_COMMON_BLOCKS = YES;
				GCC_WARN_64_TO_32_BIT_CONVERSION = YES;
				GCC_WARN_ABOUT_RETURN_TYPE = YES_ERROR;
				GCC_WARN_UNDECLARED_SELECTOR = YES;
				GCC_WARN_UNINITIALIZED_AUTOS = YES_AGGRESSIVE;
				GCC_WARN_UNUSED_FUNCTION = YES;
				GCC_WARN_UNUSED_VARIABLE = YES;
				IPHONEOS_DEPLOYMENT_TARGET = 10.3;
				MTL_ENABLE_DEBUG_INFO = NO;
				SDKROOT = iphoneos;
				SWIFT_OPTIMIZATION_LEVEL = "-Owholemodule";
				TARGETED_DEVICE_FAMILY = "1,2";
				VALIDATE_PRODUCT = YES;
			};
			name = Release;
		};
		593031221ED88B0400CCC0E9 /* Debug */ = {
			isa = XCBuildConfiguration;
			buildSettings = {
				ASSETCATALOG_COMPILER_APPICON_NAME = AppIcon;
				INFOPLIST_FILE = iOS_Black_Belt_Exam/Info.plist;
				LD_RUNPATH_SEARCH_PATHS = "$(inherited) @executable_path/Frameworks";
				PRODUCT_BUNDLE_IDENTIFIER = "Personal.iOS-Black-Belt-Exam";
				PRODUCT_NAME = "$(TARGET_NAME)";
				SWIFT_VERSION = 3.0;
			};
			name = Debug;
		};
		593031231ED88B0400CCC0E9 /* Release */ = {
			isa = XCBuildConfiguration;
			buildSettings = {
				ASSETCATALOG_COMPILER_APPICON_NAME = AppIcon;
				INFOPLIST_FILE = iOS_Black_Belt_Exam/Info.plist;
				LD_RUNPATH_SEARCH_PATHS = "$(inherited) @executable_path/Frameworks";
				PRODUCT_BUNDLE_IDENTIFIER = "Personal.iOS-Black-Belt-Exam";
				PRODUCT_NAME = "$(TARGET_NAME)";
				SWIFT_VERSION = 3.0;
			};
			name = Release;
		};
		593031251ED88B0400CCC0E9 /* Debug */ = {
			isa = XCBuildConfiguration;
			buildSettings = {
				ALWAYS_EMBED_SWIFT_STANDARD_LIBRARIES = YES;
				BUNDLE_LOADER = "$(TEST_HOST)";
				INFOPLIST_FILE = iOS_Black_Belt_ExamTests/Info.plist;
				LD_RUNPATH_SEARCH_PATHS = "$(inherited) @executable_path/Frameworks @loader_path/Frameworks";
				PRODUCT_BUNDLE_IDENTIFIER = "Personal.iOS-Black-Belt-ExamTests";
				PRODUCT_NAME = "$(TARGET_NAME)";
				SWIFT_VERSION = 3.0;
				TEST_HOST = "$(BUILT_PRODUCTS_DIR)/iOS_Black_Belt_Exam.app/iOS_Black_Belt_Exam";
			};
			name = Debug;
		};
		593031261ED88B0400CCC0E9 /* Release */ = {
			isa = XCBuildConfiguration;
			buildSettings = {
				ALWAYS_EMBED_SWIFT_STANDARD_LIBRARIES = YES;
				BUNDLE_LOADER = "$(TEST_HOST)";
				INFOPLIST_FILE = iOS_Black_Belt_ExamTests/Info.plist;
				LD_RUNPATH_SEARCH_PATHS = "$(inherited) @executable_path/Frameworks @loader_path/Frameworks";
				PRODUCT_BUNDLE_IDENTIFIER = "Personal.iOS-Black-Belt-ExamTests";
				PRODUCT_NAME = "$(TARGET_NAME)";
				SWIFT_VERSION = 3.0;
				TEST_HOST = "$(BUILT_PRODUCTS_DIR)/iOS_Black_Belt_Exam.app/iOS_Black_Belt_Exam";
			};
			name = Release;
		};
		593031281ED88B0400CCC0E9 /* Debug */ = {
			isa = XCBuildConfiguration;
			buildSettings = {
				ALWAYS_EMBED_SWIFT_STANDARD_LIBRARIES = YES;
				INFOPLIST_FILE = iOS_Black_Belt_ExamUITests/Info.plist;
				LD_RUNPATH_SEARCH_PATHS = "$(inherited) @executable_path/Frameworks @loader_path/Frameworks";
				PRODUCT_BUNDLE_IDENTIFIER = "Personal.iOS-Black-Belt-ExamUITests";
				PRODUCT_NAME = "$(TARGET_NAME)";
				SWIFT_VERSION = 3.0;
				TEST_TARGET_NAME = iOS_Black_Belt_Exam;
			};
			name = Debug;
		};
		593031291ED88B0400CCC0E9 /* Release */ = {
			isa = XCBuildConfiguration;
			buildSettings = {
				ALWAYS_EMBED_SWIFT_STANDARD_LIBRARIES = YES;
				INFOPLIST_FILE = iOS_Black_Belt_ExamUITests/Info.plist;
				LD_RUNPATH_SEARCH_PATHS = "$(inherited) @executable_path/Frameworks @loader_path/Frameworks";
				PRODUCT_BUNDLE_IDENTIFIER = "Personal.iOS-Black-Belt-ExamUITests";
				PRODUCT_NAME = "$(TARGET_NAME)";
				SWIFT_VERSION = 3.0;
				TEST_TARGET_NAME = iOS_Black_Belt_Exam;
			};
			name = Release;
		};
/* End XCBuildConfiguration section */

/* Begin XCConfigurationList section */
		593030F11ED88B0400CCC0E9 /* Build configuration list for PBXProject "iOS_Black_Belt_Exam" */ = {
			isa = XCConfigurationList;
			buildConfigurations = (
				5930311F1ED88B0400CCC0E9 /* Debug */,
				593031201ED88B0400CCC0E9 /* Release */,
			);
			defaultConfigurationIsVisible = 0;
			defaultConfigurationName = Release;
		};
		593031211ED88B0400CCC0E9 /* Build configuration list for PBXNativeTarget "iOS_Black_Belt_Exam" */ = {
			isa = XCConfigurationList;
			buildConfigurations = (
				593031221ED88B0400CCC0E9 /* Debug */,
				593031231ED88B0400CCC0E9 /* Release */,
			);
			defaultConfigurationIsVisible = 0;
			defaultConfigurationName = Release;
		};
		593031241ED88B0400CCC0E9 /* Build configuration list for PBXNativeTarget "iOS_Black_Belt_ExamTests" */ = {
			isa = XCConfigurationList;
			buildConfigurations = (
				593031251ED88B0400CCC0E9 /* Debug */,
				593031261ED88B0400CCC0E9 /* Release */,
			);
			defaultConfigurationIsVisible = 0;
			defaultConfigurationName = Release;
		};
		593031271ED88B0400CCC0E9 /* Build configuration list for PBXNativeTarget "iOS_Black_Belt_ExamUITests" */ = {
			isa = XCConfigurationList;
			buildConfigurations = (
				593031281ED88B0400CCC0E9 /* Debug */,
				593031291ED88B0400CCC0E9 /* Release */,
			);
			defaultConfigurationIsVisible = 0;
			defaultConfigurationName = Release;
		};
/* End XCConfigurationList section */

/* Begin XCVersionGroup section */
		593031001ED88B0400CCC0E9 /* iOS_Black_Belt_Exam.xcdatamodeld */ = {
			isa = XCVersionGroup;
			children = (
				593031011ED88B0400CCC0E9 /* iOS_Black_Belt_Exam.xcdatamodel */,
			);
			currentVersion = 593031011ED88B0400CCC0E9 /* iOS_Black_Belt_Exam.xcdatamodel */;
			path = iOS_Black_Belt_Exam.xcdatamodeld;
			sourceTree = "<group>";
			versionGroupType = wrapper.xcdatamodel;
		};
/* End XCVersionGroup section */
	};
	rootObject = 593030EE1ED88B0400CCC0E9 /* Project object */;
}
