// !$*UTF8*$!
{
	archiveVersion = 1;
	classes = {
	};
	objectVersion = 46;
	objects = {

/* Begin PBXBuildFile section */
		598404F91EC50BEE0070E0EC /* AppDelegate.swift in Sources */ = {isa = PBXBuildFile; fileRef = 598404F81EC50BEE0070E0EC /* AppDelegate.swift */; };
		598404FB1EC50BEE0070E0EC /* ViewController.swift in Sources */ = {isa = PBXBuildFile; fileRef = 598404FA1EC50BEE0070E0EC /* ViewController.swift */; };
		598404FE1EC50BEE0070E0EC /* Main.storyboard in Resources */ = {isa = PBXBuildFile; fileRef = 598404FC1EC50BEE0070E0EC /* Main.storyboard */; };
		598405001EC50BEE0070E0EC /* Assets.xcassets in Resources */ = {isa = PBXBuildFile; fileRef = 598404FF1EC50BEE0070E0EC /* Assets.xcassets */; };
		598405031EC50BEE0070E0EC /* LaunchScreen.storyboard in Resources */ = {isa = PBXBuildFile; fileRef = 598405011EC50BEE0070E0EC /* LaunchScreen.storyboard */; };
		5984050E1EC50BEE0070E0EC /* _4_CalculatorTests.swift in Sources */ = {isa = PBXBuildFile; fileRef = 5984050D1EC50BEE0070E0EC /* _4_CalculatorTests.swift */; };
		598405191EC50BEE0070E0EC /* _4_CalculatorUITests.swift in Sources */ = {isa = PBXBuildFile; fileRef = 598405181EC50BEE0070E0EC /* _4_CalculatorUITests.swift */; };
/* End PBXBuildFile section */

/* Begin PBXContainerItemProxy section */
		5984050A1EC50BEE0070E0EC /* PBXContainerItemProxy */ = {
			isa = PBXContainerItemProxy;
			containerPortal = 598404ED1EC50BEE0070E0EC /* Project object */;
			proxyType = 1;
			remoteGlobalIDString = 598404F41EC50BEE0070E0EC;
			remoteInfo = 14_Calculator;
		};
		598405151EC50BEE0070E0EC /* PBXContainerItemProxy */ = {
			isa = PBXContainerItemProxy;
			containerPortal = 598404ED1EC50BEE0070E0EC /* Project object */;
			proxyType = 1;
			remoteGlobalIDString = 598404F41EC50BEE0070E0EC;
			remoteInfo = 14_Calculator;
		};
/* End PBXContainerItemProxy section */

/* Begin PBXFileReference section */
		598404F51EC50BEE0070E0EC /* 14_Calculator.app */ = {isa = PBXFileReference; explicitFileType = wrapper.application; includeInIndex = 0; path = 14_Calculator.app; sourceTree = BUILT_PRODUCTS_DIR; };
		598404F81EC50BEE0070E0EC /* AppDelegate.swift */ = {isa = PBXFileReference; lastKnownFileType = sourcecode.swift; path = AppDelegate.swift; sourceTree = "<group>"; };
		598404FA1EC50BEE0070E0EC /* ViewController.swift */ = {isa = PBXFileReference; lastKnownFileType = sourcecode.swift; path = ViewController.swift; sourceTree = "<group>"; };
		598404FD1EC50BEE0070E0EC /* Base */ = {isa = PBXFileReference; lastKnownFileType = file.storyboard; name = Base; path = Base.lproj/Main.storyboard; sourceTree = "<group>"; };
		598404FF1EC50BEE0070E0EC /* Assets.xcassets */ = {isa = PBXFileReference; lastKnownFileType = folder.assetcatalog; path = Assets.xcassets; sourceTree = "<group>"; };
		598405021EC50BEE0070E0EC /* Base */ = {isa = PBXFileReference; lastKnownFileType = file.storyboard; name = Base; path = Base.lproj/LaunchScreen.storyboard; sourceTree = "<group>"; };
		598405041EC50BEE0070E0EC /* Info.plist */ = {isa = PBXFileReference; lastKnownFileType = text.plist.xml; path = Info.plist; sourceTree = "<group>"; };
		598405091EC50BEE0070E0EC /* 14_CalculatorTests.xctest */ = {isa = PBXFileReference; explicitFileType = wrapper.cfbundle; includeInIndex = 0; path = 14_CalculatorTests.xctest; sourceTree = BUILT_PRODUCTS_DIR; };
		5984050D1EC50BEE0070E0EC /* _4_CalculatorTests.swift */ = {isa = PBXFileReference; lastKnownFileType = sourcecode.swift; path = _4_CalculatorTests.swift; sourceTree = "<group>"; };
		5984050F1EC50BEE0070E0EC /* Info.plist */ = {isa = PBXFileReference; lastKnownFileType = text.plist.xml; path = Info.plist; sourceTree = "<group>"; };
		598405141EC50BEE0070E0EC /* 14_CalculatorUITests.xctest */ = {isa = PBXFileReference; explicitFileType = wrapper.cfbundle; includeInIndex = 0; path = 14_CalculatorUITests.xctest; sourceTree = BUILT_PRODUCTS_DIR; };
		598405181EC50BEE0070E0EC /* _4_CalculatorUITests.swift */ = {isa = PBXFileReference; lastKnownFileType = sourcecode.swift; path = _4_CalculatorUITests.swift; sourceTree = "<group>"; };
		5984051A1EC50BEE0070E0EC /* Info.plist */ = {isa = PBXFileReference; lastKnownFileType = text.plist.xml; path = Info.plist; sourceTree = "<group>"; };
/* End PBXFileReference section */

/* Begin PBXFrameworksBuildPhase section */
		598404F21EC50BEE0070E0EC /* Frameworks */ = {
			isa = PBXFrameworksBuildPhase;
			buildActionMask = 2147483647;
			files = (
			);
			runOnlyForDeploymentPostprocessing = 0;
		};
		598405061EC50BEE0070E0EC /* Frameworks */ = {
			isa = PBXFrameworksBuildPhase;
			buildActionMask = 2147483647;
			files = (
			);
			runOnlyForDeploymentPostprocessing = 0;
		};
		598405111EC50BEE0070E0EC /* Frameworks */ = {
			isa = PBXFrameworksBuildPhase;
			buildActionMask = 2147483647;
			files = (
			);
			runOnlyForDeploymentPostprocessing = 0;
		};
/* End PBXFrameworksBuildPhase section */

/* Begin PBXGroup section */
		598404EC1EC50BEE0070E0EC = {
			isa = PBXGroup;
			children = (
				598404F71EC50BEE0070E0EC /* 14_Calculator */,
				5984050C1EC50BEE0070E0EC /* 14_CalculatorTests */,
				598405171EC50BEE0070E0EC /* 14_CalculatorUITests */,
				598404F61EC50BEE0070E0EC /* Products */,
			);
			sourceTree = "<group>";
		};
		598404F61EC50BEE0070E0EC /* Products */ = {
			isa = PBXGroup;
			children = (
				598404F51EC50BEE0070E0EC /* 14_Calculator.app */,
				598405091EC50BEE0070E0EC /* 14_CalculatorTests.xctest */,
				598405141EC50BEE0070E0EC /* 14_CalculatorUITests.xctest */,
			);
			name = Products;
			sourceTree = "<group>";
		};
		598404F71EC50BEE0070E0EC /* 14_Calculator */ = {
			isa = PBXGroup;
			children = (
				598404F81EC50BEE0070E0EC /* AppDelegate.swift */,
				598404FA1EC50BEE0070E0EC /* ViewController.swift */,
				598404FC1EC50BEE0070E0EC /* Main.storyboard */,
				598404FF1EC50BEE0070E0EC /* Assets.xcassets */,
				598405011EC50BEE0070E0EC /* LaunchScreen.storyboard */,
				598405041EC50BEE0070E0EC /* Info.plist */,
			);
			path = 14_Calculator;
			sourceTree = "<group>";
		};
		5984050C1EC50BEE0070E0EC /* 14_CalculatorTests */ = {
			isa = PBXGroup;
			children = (
				5984050D1EC50BEE0070E0EC /* _4_CalculatorTests.swift */,
				5984050F1EC50BEE0070E0EC /* Info.plist */,
			);
			path = 14_CalculatorTests;
			sourceTree = "<group>";
		};
		598405171EC50BEE0070E0EC /* 14_CalculatorUITests */ = {
			isa = PBXGroup;
			children = (
				598405181EC50BEE0070E0EC /* _4_CalculatorUITests.swift */,
				5984051A1EC50BEE0070E0EC /* Info.plist */,
			);
			path = 14_CalculatorUITests;
			sourceTree = "<group>";
		};
/* End PBXGroup section */

/* Begin PBXNativeTarget section */
		598404F41EC50BEE0070E0EC /* 14_Calculator */ = {
			isa = PBXNativeTarget;
			buildConfigurationList = 5984051D1EC50BEE0070E0EC /* Build configuration list for PBXNativeTarget "14_Calculator" */;
			buildPhases = (
				598404F11EC50BEE0070E0EC /* Sources */,
				598404F21EC50BEE0070E0EC /* Frameworks */,
				598404F31EC50BEE0070E0EC /* Resources */,
			);
			buildRules = (
			);
			dependencies = (
			);
			name = 14_Calculator;
			productName = 14_Calculator;
			productReference = 598404F51EC50BEE0070E0EC /* 14_Calculator.app */;
			productType = "com.apple.product-type.application";
		};
		598405081EC50BEE0070E0EC /* 14_CalculatorTests */ = {
			isa = PBXNativeTarget;
			buildConfigurationList = 598405201EC50BEE0070E0EC /* Build configuration list for PBXNativeTarget "14_CalculatorTests" */;
			buildPhases = (
				598405051EC50BEE0070E0EC /* Sources */,
				598405061EC50BEE0070E0EC /* Frameworks */,
				598405071EC50BEE0070E0EC /* Resources */,
			);
			buildRules = (
			);
			dependencies = (
				5984050B1EC50BEE0070E0EC /* PBXTargetDependency */,
			);
			name = 14_CalculatorTests;
			productName = 14_CalculatorTests;
			productReference = 598405091EC50BEE0070E0EC /* 14_CalculatorTests.xctest */;
			productType = "com.apple.product-type.bundle.unit-test";
		};
		598405131EC50BEE0070E0EC /* 14_CalculatorUITests */ = {
			isa = PBXNativeTarget;
			buildConfigurationList = 598405231EC50BEE0070E0EC /* Build configuration list for PBXNativeTarget "14_CalculatorUITests" */;
			buildPhases = (
				598405101EC50BEE0070E0EC /* Sources */,
				598405111EC50BEE0070E0EC /* Frameworks */,
				598405121EC50BEE0070E0EC /* Resources */,
			);
			buildRules = (
			);
			dependencies = (
				598405161EC50BEE0070E0EC /* PBXTargetDependency */,
			);
			name = 14_CalculatorUITests;
			productName = 14_CalculatorUITests;
			productReference = 598405141EC50BEE0070E0EC /* 14_CalculatorUITests.xctest */;
			productType = "com.apple.product-type.bundle.ui-testing";
		};
/* End PBXNativeTarget section */

/* Begin PBXProject section */
		598404ED1EC50BEE0070E0EC /* Project object */ = {
			isa = PBXProject;
			attributes = {
				LastSwiftUpdateCheck = 0830;
				LastUpgradeCheck = 0830;
				ORGANIZATIONNAME = "Colin Jao";
				TargetAttributes = {
					598404F41EC50BEE0070E0EC = {
						CreatedOnToolsVersion = 8.3.2;
						ProvisioningStyle = Automatic;
					};
					598405081EC50BEE0070E0EC = {
						CreatedOnToolsVersion = 8.3.2;
						ProvisioningStyle = Automatic;
						TestTargetID = 598404F41EC50BEE0070E0EC;
					};
					598405131EC50BEE0070E0EC = {
						CreatedOnToolsVersion = 8.3.2;
						ProvisioningStyle = Automatic;
						TestTargetID = 598404F41EC50BEE0070E0EC;
					};
				};
			};
			buildConfigurationList = 598404F01EC50BEE0070E0EC /* Build configuration list for PBXProject "14_Calculator" */;
			compatibilityVersion = "Xcode 3.2";
			developmentRegion = English;
			hasScannedForEncodings = 0;
			knownRegions = (
				en,
				Base,
			);
			mainGroup = 598404EC1EC50BEE0070E0EC;
			productRefGroup = 598404F61EC50BEE0070E0EC /* Products */;
			projectDirPath = "";
			projectRoot = "";
			targets = (
				598404F41EC50BEE0070E0EC /* 14_Calculator */,
				598405081EC50BEE0070E0EC /* 14_CalculatorTests */,
				598405131EC50BEE0070E0EC /* 14_CalculatorUITests */,
			);
		};
/* End PBXProject section */

/* Begin PBXResourcesBuildPhase section */
		598404F31EC50BEE0070E0EC /* Resources */ = {
			isa = PBXResourcesBuildPhase;
			buildActionMask = 2147483647;
			files = (
				598405031EC50BEE0070E0EC /* LaunchScreen.storyboard in Resources */,
				598405001EC50BEE0070E0EC /* Assets.xcassets in Resources */,
				598404FE1EC50BEE0070E0EC /* Main.storyboard in Resources */,
			);
			runOnlyForDeploymentPostprocessing = 0;
		};
		598405071EC50BEE0070E0EC /* Resources */ = {
			isa = PBXResourcesBuildPhase;
			buildActionMask = 2147483647;
			files = (
			);
			runOnlyForDeploymentPostprocessing = 0;
		};
		598405121EC50BEE0070E0EC /* Resources */ = {
			isa = PBXResourcesBuildPhase;
			buildActionMask = 2147483647;
			files = (
			);
			runOnlyForDeploymentPostprocessing = 0;
		};
/* End PBXResourcesBuildPhase section */

/* Begin PBXSourcesBuildPhase section */
		598404F11EC50BEE0070E0EC /* Sources */ = {
			isa = PBXSourcesBuildPhase;
			buildActionMask = 2147483647;
			files = (
				598404FB1EC50BEE0070E0EC /* ViewController.swift in Sources */,
				598404F91EC50BEE0070E0EC /* AppDelegate.swift in Sources */,
			);
			runOnlyForDeploymentPostprocessing = 0;
		};
		598405051EC50BEE0070E0EC /* Sources */ = {
			isa = PBXSourcesBuildPhase;
			buildActionMask = 2147483647;
			files = (
				5984050E1EC50BEE0070E0EC /* _4_CalculatorTests.swift in Sources */,
			);
			runOnlyForDeploymentPostprocessing = 0;
		};
		598405101EC50BEE0070E0EC /* Sources */ = {
			isa = PBXSourcesBuildPhase;
			buildActionMask = 2147483647;
			files = (
				598405191EC50BEE0070E0EC /* _4_CalculatorUITests.swift in Sources */,
			);
			runOnlyForDeploymentPostprocessing = 0;
		};
/* End PBXSourcesBuildPhase section */

/* Begin PBXTargetDependency section */
		5984050B1EC50BEE0070E0EC /* PBXTargetDependency */ = {
			isa = PBXTargetDependency;
			target = 598404F41EC50BEE0070E0EC /* 14_Calculator */;
			targetProxy = 5984050A1EC50BEE0070E0EC /* PBXContainerItemProxy */;
		};
		598405161EC50BEE0070E0EC /* PBXTargetDependency */ = {
			isa = PBXTargetDependency;
			target = 598404F41EC50BEE0070E0EC /* 14_Calculator */;
			targetProxy = 598405151EC50BEE0070E0EC /* PBXContainerItemProxy */;
		};
/* End PBXTargetDependency section */

/* Begin PBXVariantGroup section */
		598404FC1EC50BEE0070E0EC /* Main.storyboard */ = {
			isa = PBXVariantGroup;
			children = (
				598404FD1EC50BEE0070E0EC /* Base */,
			);
			name = Main.storyboard;
			sourceTree = "<group>";
		};
		598405011EC50BEE0070E0EC /* LaunchScreen.storyboard */ = {
			isa = PBXVariantGroup;
			children = (
				598405021EC50BEE0070E0EC /* Base */,
			);
			name = LaunchScreen.storyboard;
			sourceTree = "<group>";
		};
/* End PBXVariantGroup section */

/* Begin XCBuildConfiguration section */
		5984051B1EC50BEE0070E0EC /* Debug */ = {
			isa = XCBuildConfiguration;
			buildSettings = {
				ALWAYS_SEARCH_USER_PATHS = NO;
				CLANG_ANALYZER_NONNULL = YES;
				CLANG_ANALYZER_NUMBER_OBJECT_CONVERSION = YES_AGGRESSIVE;
				CLANG_CXX_LANGUAGE_STANDARD = "gnu++0x";
				CLANG_CXX_LIBRARY = "libc++";
				CLANG_ENABLE_MODULES = YES;
				CLANG_ENABLE_OBJC_ARC = YES;
				CLANG_WARN_BOOL_CONVERSION = YES;
				CLANG_WARN_CONSTANT_CONVERSION = YES;
				CLANG_WARN_DIRECT_OBJC_ISA_USAGE = YES_ERROR;
				CLANG_WARN_DOCUMENTATION_COMMENTS = YES;
				CLANG_WARN_EMPTY_BODY = YES;
				CLANG_WARN_ENUM_CONVERSION = YES;
				CLANG_WARN_INFINITE_RECURSION = YES;
				CLANG_WARN_INT_CONVERSION = YES;
				CLANG_WARN_OBJC_ROOT_CLASS = YES_ERROR;
				CLANG_WARN_SUSPICIOUS_MOVE = YES;
				CLANG_WARN_UNREACHABLE_CODE = YES;
				CLANG_WARN__DUPLICATE_METHOD_MATCH = YES;
				"CODE_SIGN_IDENTITY[sdk=iphoneos*]" = "iPhone Developer";
				COPY_PHASE_STRIP = NO;
				DEBUG_INFORMATION_FORMAT = dwarf;
				ENABLE_STRICT_OBJC_MSGSEND = YES;
				ENABLE_TESTABILITY = YES;
				GCC_C_LANGUAGE_STANDARD = gnu99;
				GCC_DYNAMIC_NO_PIC = NO;
				GCC_NO_COMMON_BLOCKS = YES;
				GCC_OPTIMIZATION_LEVEL = 0;
				GCC_PREPROCESSOR_DEFINITIONS = (
					"DEBUG=1",
					"$(inherited)",
				);
				GCC_WARN_64_TO_32_BIT_CONVERSION = YES;
				GCC_WARN_ABOUT_RETURN_TYPE = YES_ERROR;
				GCC_WARN_UNDECLARED_SELECTOR = YES;
				GCC_WARN_UNINITIALIZED_AUTOS = YES_AGGRESSIVE;
				GCC_WARN_UNUSED_FUNCTION = YES;
				GCC_WARN_UNUSED_VARIABLE = YES;
				IPHONEOS_DEPLOYMENT_TARGET = 10.3;
				MTL_ENABLE_DEBUG_INFO = YES;
				ONLY_ACTIVE_ARCH = YES;
				SDKROOT = iphoneos;
				SWIFT_ACTIVE_COMPILATION_CONDITIONS = DEBUG;
				SWIFT_OPTIMIZATION_LEVEL = "-Onone";
				TARGETED_DEVICE_FAMILY = "1,2";
			};
			name = Debug;
		};
		5984051C1EC50BEE0070E0EC /* Release */ = {
			isa = XCBuildConfiguration;
			buildSettings = {
				ALWAYS_SEARCH_USER_PATHS = NO;
				CLANG_ANALYZER_NONNULL = YES;
				CLANG_ANALYZER_NUMBER_OBJECT_CONVERSION = YES_AGGRESSIVE;
				CLANG_CXX_LANGUAGE_STANDARD = "gnu++0x";
				CLANG_CXX_LIBRARY = "libc++";
				CLANG_ENABLE_MODULES = YES;
				CLANG_ENABLE_OBJC_ARC = YES;
				CLANG_WARN_BOOL_CONVERSION = YES;
				CLANG_WARN_CONSTANT_CONVERSION = YES;
				CLANG_WARN_DIRECT_OBJC_ISA_USAGE = YES_ERROR;
				CLANG_WARN_DOCUMENTATION_COMMENTS = YES;
				CLANG_WARN_EMPTY_BODY = YES;
				CLANG_WARN_ENUM_CONVERSION = YES;
				CLANG_WARN_INFINITE_RECURSION = YES;
				CLANG_WARN_INT_CONVERSION = YES;
				CLANG_WARN_OBJC_ROOT_CLASS = YES_ERROR;
				CLANG_WARN_SUSPICIOUS_MOVE = YES;
				CLANG_WARN_UNREACHABLE_CODE = YES;
				CLANG_WARN__DUPLICATE_METHOD_MATCH = YES;
				"CODE_SIGN_IDENTITY[sdk=iphoneos*]" = "iPhone Developer";
				COPY_PHASE_STRIP = NO;
				DEBUG_INFORMATION_FORMAT = "dwarf-with-dsym";
				ENABLE_NS_ASSERTIONS = NO;
				ENABLE_STRICT_OBJC_MSGSEND = YES;
				GCC_C_LANGUAGE_STANDARD = gnu99;
				GCC_NO_COMMON_BLOCKS = YES;
				GCC_WARN_64_TO_32_BIT_CONVERSION = YES;
				GCC_WARN_ABOUT_RETURN_TYPE = YES_ERROR;
				GCC_WARN_UNDECLARED_SELECTOR = YES;
				GCC_WARN_UNINITIALIZED_AUTOS = YES_AGGRESSIVE;
				GCC_WARN_UNUSED_FUNCTION = YES;
				GCC_WARN_UNUSED_VARIABLE = YES;
				IPHONEOS_DEPLOYMENT_TARGET = 10.3;
				MTL_ENABLE_DEBUG_INFO = NO;
				SDKROOT = iphoneos;
				SWIFT_OPTIMIZATION_LEVEL = "-Owholemodule";
				TARGETED_DEVICE_FAMILY = "1,2";
				VALIDATE_PRODUCT = YES;
			};
			name = Release;
		};
		5984051E1EC50BEE0070E0EC /* Debug */ = {
			isa = XCBuildConfiguration;
			buildSettings = {
				ASSETCATALOG_COMPILER_APPICON_NAME = AppIcon;
				INFOPLIST_FILE = 14_Calculator/Info.plist;
				LD_RUNPATH_SEARCH_PATHS = "$(inherited) @executable_path/Frameworks";
				PRODUCT_BUNDLE_IDENTIFIER = "Personal.-4-Calculator";
				PRODUCT_NAME = "$(TARGET_NAME)";
				SWIFT_VERSION = 3.0;
			};
			name = Debug;
		};
		5984051F1EC50BEE0070E0EC /* Release */ = {
			isa = XCBuildConfiguration;
			buildSettings = {
				ASSETCATALOG_COMPILER_APPICON_NAME = AppIcon;
				INFOPLIST_FILE = 14_Calculator/Info.plist;
				LD_RUNPATH_SEARCH_PATHS = "$(inherited) @executable_path/Frameworks";
				PRODUCT_BUNDLE_IDENTIFIER = "Personal.-4-Calculator";
				PRODUCT_NAME = "$(TARGET_NAME)";
				SWIFT_VERSION = 3.0;
			};
			name = Release;
		};
		598405211EC50BEE0070E0EC /* Debug */ = {
			isa = XCBuildConfiguration;
			buildSettings = {
				ALWAYS_EMBED_SWIFT_STANDARD_LIBRARIES = YES;
				BUNDLE_LOADER = "$(TEST_HOST)";
				INFOPLIST_FILE = 14_CalculatorTests/Info.plist;
				LD_RUNPATH_SEARCH_PATHS = "$(inherited) @executable_path/Frameworks @loader_path/Frameworks";
				PRODUCT_BUNDLE_IDENTIFIER = "Personal.-4-CalculatorTests";
				PRODUCT_NAME = "$(TARGET_NAME)";
				SWIFT_VERSION = 3.0;
				TEST_HOST = "$(BUILT_PRODUCTS_DIR)/14_Calculator.app/14_Calculator";
			};
			name = Debug;
		};
		598405221EC50BEE0070E0EC /* Release */ = {
			isa = XCBuildConfiguration;
			buildSettings = {
				ALWAYS_EMBED_SWIFT_STANDARD_LIBRARIES = YES;
				BUNDLE_LOADER = "$(TEST_HOST)";
				INFOPLIST_FILE = 14_CalculatorTests/Info.plist;
				LD_RUNPATH_SEARCH_PATHS = "$(inherited) @executable_path/Frameworks @loader_path/Frameworks";
				PRODUCT_BUNDLE_IDENTIFIER = "Personal.-4-CalculatorTests";
				PRODUCT_NAME = "$(TARGET_NAME)";
				SWIFT_VERSION = 3.0;
				TEST_HOST = "$(BUILT_PRODUCTS_DIR)/14_Calculator.app/14_Calculator";
			};
			name = Release;
		};
		598405241EC50BEE0070E0EC /* Debug */ = {
			isa = XCBuildConfiguration;
			buildSettings = {
				ALWAYS_EMBED_SWIFT_STANDARD_LIBRARIES = YES;
				INFOPLIST_FILE = 14_CalculatorUITests/Info.plist;
				LD_RUNPATH_SEARCH_PATHS = "$(inherited) @executable_path/Frameworks @loader_path/Frameworks";
				PRODUCT_BUNDLE_IDENTIFIER = "Personal.-4-CalculatorUITests";
				PRODUCT_NAME = "$(TARGET_NAME)";
				SWIFT_VERSION = 3.0;
				TEST_TARGET_NAME = 14_Calculator;
			};
			name = Debug;
		};
		598405251EC50BEE0070E0EC /* Release */ = {
			isa = XCBuildConfiguration;
			buildSettings = {
				ALWAYS_EMBED_SWIFT_STANDARD_LIBRARIES = YES;
				INFOPLIST_FILE = 14_CalculatorUITests/Info.plist;
				LD_RUNPATH_SEARCH_PATHS = "$(inherited) @executable_path/Frameworks @loader_path/Frameworks";
				PRODUCT_BUNDLE_IDENTIFIER = "Personal.-4-CalculatorUITests";
				PRODUCT_NAME = "$(TARGET_NAME)";
				SWIFT_VERSION = 3.0;
				TEST_TARGET_NAME = 14_Calculator;
			};
			name = Release;
		};
/* End XCBuildConfiguration section */

/* Begin XCConfigurationList section */
		598404F01EC50BEE0070E0EC /* Build configuration list for PBXProject "14_Calculator" */ = {
			isa = XCConfigurationList;
			buildConfigurations = (
				5984051B1EC50BEE0070E0EC /* Debug */,
				5984051C1EC50BEE0070E0EC /* Release */,
			);
			defaultConfigurationIsVisible = 0;
			defaultConfigurationName = Release;
		};
		5984051D1EC50BEE0070E0EC /* Build configuration list for PBXNativeTarget "14_Calculator" */ = {
			isa = XCConfigurationList;
			buildConfigurations = (
				5984051E1EC50BEE0070E0EC /* Debug */,
				5984051F1EC50BEE0070E0EC /* Release */,
			);
			defaultConfigurationIsVisible = 0;
		};
		598405201EC50BEE0070E0EC /* Build configuration list for PBXNativeTarget "14_CalculatorTests" */ = {
			isa = XCConfigurationList;
			buildConfigurations = (
				598405211EC50BEE0070E0EC /* Debug */,
				598405221EC50BEE0070E0EC /* Release */,
			);
			defaultConfigurationIsVisible = 0;
		};
		598405231EC50BEE0070E0EC /* Build configuration list for PBXNativeTarget "14_CalculatorUITests" */ = {
			isa = XCConfigurationList;
			buildConfigurations = (
				598405241EC50BEE0070E0EC /* Debug */,
				598405251EC50BEE0070E0EC /* Release */,
			);
			defaultConfigurationIsVisible = 0;
		};
/* End XCConfigurationList section */
	};
	rootObject = 598404ED1EC50BEE0070E0EC /* Project object */;
}
